# GENERATED FILE - DO NOT EDIT DIRECTLY
schema_version: 1

bundle:
  version: "0.9.4-dev"
  release_sequence: 0
  channel: "development"
  source_tree_digest: "sha256:b1c334df899c661304dc45ef29898df24ff4a6ddffd2a6ca4d6f1f795d585189"
  digest: "sha256:469ac74bf934333ee1fde843ad04a26e002e5b5ec9c782fbe68ec6fe313bfac0"

projection:
  input_digest: "sha256:a65d8039adb0812b159bbac6a4d9bc28525f84e9ad7f3f501f623b8084ce5068"
  output_digest: "sha256:cf02ffd4197a842cab222aeaee9795a95c00a2a51b956a1993af2d5f7e21546d"
  files:
    - path: ".gds/compiled-policy.json"
      digest: "sha256:2318a26e7b9e385efa074bb434d5c87590ad194f268e25e5704c0152ad83c390"
