# GENERATED FILE - DO NOT EDIT DIRECTLY
schema_version: 1

bundle:
  version: "0.9.4-dev"
  release_sequence: 0
  channel: "development"
  source_tree_digest: "sha256:ba597010d9403127df8c67102186ef40c546a08101d1a93201d17f8108deb520"
  digest: "sha256:12020fd6433653d350bca1bc3ee3f8b6a59c0bcbdef96ed2ed8d24480cff212b"

projection:
  input_digest: "sha256:ef26d32699254e8ab592e95f10a19caab824cc57b89d6849de27699273480fd6"
  output_digest: "sha256:cf02ffd4197a842cab222aeaee9795a95c00a2a51b956a1993af2d5f7e21546d"
  files:
    - path: ".gds/compiled-policy.json"
      digest: "sha256:2318a26e7b9e385efa074bb434d5c87590ad194f268e25e5704c0152ad83c390"
